PODS:
  - TestLixiaokai (0.1.0):
    - TestLixiaokai/TestA (= 0.1.0)
  - TestLixiaokai/TestA (0.1.0)

DEPENDENCIES:
  - TestLixiaokai (from `../`)

EXTERNAL SOURCES:
  TestLixiaokai:
    :path: "../"

SPEC CHECKSUMS:
  TestLixiaokai: c2e6bda8b904c9ffc5d11af13956283ccdee9bb1

PODFILE CHECKSUM: 231dbf3914d42a069941eae170ff9ba2c5e518ea

COCOAPODS: 1.9.3
